
Microsoft Visual Studio Solution File, Format Version 12.00
# Visual Studio Version 17
VisualStudioVersion = 17.9.34701.34
MinimumVisualStudioVersion = 10.0.40219.1
Project("{9A19103F-16F7-4668-BE54-9A1E7A4F7556}") = "OneMoreDate", "OneMoreDate.csproj", "{8AF3149B-0E51-486F-A78B-11783F1EC0DA}"
EndProject
Global
	GlobalSection(SolutionConfigurationPlatforms) = preSolution
		Debug|Any CPU = Debug|Any CPU
		Release|Any CPU = Release|Any CPU
	EndGlobalSection
	GlobalSection(ProjectConfigurationPlatforms) = postSolution
		{8AF3149B-0E51-486F-A78B-11783F1EC0DA}.Debug|Any CPU.ActiveCfg = Debug|Any CPU
		{8AF3149B-0E51-486F-A78B-11783F1EC0DA}.Debug|Any CPU.Build.0 = Debug|Any CPU
		{8AF3149B-0E51-486F-A78B-11783F1EC0DA}.Debug|Any CPU.Deploy.0 = Debug|Any CPU
		{8AF3149B-0E51-486F-A78B-11783F1EC0DA}.Release|Any CPU.ActiveCfg = Release|Any CPU
		{8AF3149B-0E51-486F-A78B-11783F1EC0DA}.Release|Any CPU.Build.0 = Release|Any CPU
		{8AF3149B-0E51-486F-A78B-11783F1EC0DA}.Release|Any CPU.Deploy.0 = Release|Any CPU
	EndGlobalSection
	GlobalSection(SolutionProperties) = preSolution
		HideSolutionNode = FALSE
	EndGlobalSection
	GlobalSection(ExtensibilityGlobals) = postSolution
		SolutionGuid = {3FA69C3D-541B-4D06-B0C5-53EFE5F0AF18}
	EndGlobalSection
	GlobalSection(MonoDevelopProperties) = preSolution
		Policies = $0
		$0.DotNetNamingPolicy = $1
		$1.DirectoryNamespaceAssociation = PrefixedHierarchical
		$0.TextStylePolicy = $5
		$2.inheritsSet = null
		$2.scope = application/xaml
		$0.XmlFormattingPolicy = $3
		$3.inheritsSet = null
		$3.scope = application/xaml
		$4.FileWidth = 80
		$4.TabsToSpaces = True
		$4.scope = text/plain
		$5.inheritsSet = null
		$5.scope = text/x-csharp
		$0.CSharpFormattingPolicy = $6
		$6.scope = text/x-csharp
	EndGlobalSection
EndGlobal
